
Microsoft Visual Studio Solution File, Format Version 12.00
# Visual Studio Version 18
VisualStudioVersion = 18.0.11012.119
MinimumVisualStudioVersion = 10.0.40219.1
Project("{FAE04EC0-301F-11D3-BF4B-00C04F79EFBC}") = "DiscoverCostaRica.AppHost", "DiscoverCostaRica.AppHost\DiscoverCostaRica.AppHost.csproj", "{DDF3FA60-E781-419E-AE75-9F7DB98E7582}"
EndProject
Project("{FAE04EC0-301F-11D3-BF4B-00C04F79EFBC}") = "DiscoverCostaRica.ServiceDefaults", "DiscoverCostaRica.ServiceDefaults\DiscoverCostaRica.ServiceDefaults.csproj", "{387107C0-AA60-7C8A-71E3-CAD35FAE59BA}"
EndProject
Project("{FAE04EC0-301F-11D3-BF4B-00C04F79EFBC}") = "DiscoverCostaRica.Beaches.Api", "src\DiscoverCostaRica.Beaches\DiscoverCostaRica.Beaches.Api\DiscoverCostaRica.Beaches.Api.csproj", "{6B20EA1A-28DE-49B2-729A-40AC47C341E7}"
EndProject
Project("{2150E333-8FDC-42A3-9474-1A3956D46DE8}") = "src", "src", "{EE20A441-9312-4EAD-8F9C-6D44FB76E24F}"
EndProject
Project("{2150E333-8FDC-42A3-9474-1A3956D46DE8}") = "BeachService", "BeachService", "{80A4D2D7-BCFB-426C-8903-8085CB0E0F53}"
EndProject
Project("{2150E333-8FDC-42A3-9474-1A3956D46DE8}") = "GeoService", "GeoService", "{0CBA16CB-30C0-4CD4-8C47-8D6446F4D61D}"
EndProject
Project("{2150E333-8FDC-42A3-9474-1A3956D46DE8}") = "VolcanoService", "VolcanoService", "{1035B2CB-6721-4967-B085-3875367BBEC3}"
EndProject
Project("{2150E333-8FDC-42A3-9474-1A3956D46DE8}") = "CultureService", "CultureService", "{01946A51-E823-453D-832C-855FD4A9C070}"
EndProject
Project("{FAE04EC0-301F-11D3-BF4B-00C04F79EFBC}") = "DiscoverCostaRica.Culture.Api", "src\DiscoverCostaRica.Culture\DiscoverCostaRica.Culture.Api\DiscoverCostaRica.Culture.Api.csproj", "{A00E2648-A993-7CD6-50A8-285CE760DA2D}"
EndProject
Project("{FAE04EC0-301F-11D3-BF4B-00C04F79EFBC}") = "DiscoverCostaRica.Geo.Api", "src\DiscoverCostaRica.Geo\DiscoverCostaRica.Geo.Api\DiscoverCostaRica.Geo.Api.csproj", "{FC68E81B-1D46-A895-C403-BC0E020BC492}"
EndProject
Project("{FAE04EC0-301F-11D3-BF4B-00C04F79EFBC}") = "DiscoverCostaRica.Volcano.Api", "src\DiscoverCostaRica.Volcano\DiscoverCostaRica.Volcano.Api\DiscoverCostaRica.Volcano.Api.csproj", "{0D82B43F-8ABD-6E85-AA38-94B2DB497A43}"
EndProject
Project("{FAE04EC0-301F-11D3-BF4B-00C04F79EFBC}") = "DiscoverCostaRica.Beaches.Infrastructure", "src\DiscoverCostaRica.Beaches\DiscoverCostaRica.Beaches.Infrastructure\DiscoverCostaRica.Beaches.Infrastructure.csproj", "{8545AA37-4360-4318-9D36-721345636233}"
EndProject
Project("{FAE04EC0-301F-11D3-BF4B-00C04F79EFBC}") = "DiscoverCostaRica.Beaches.Domain", "src\DiscoverCostaRica.Beaches\DiscoverCostaRica.Beaches.Domain\DiscoverCostaRica.Beaches.Domain.csproj", "{7B1F918A-A1DA-49E6-83D8-9011A694F33B}"
EndProject
Project("{FAE04EC0-301F-11D3-BF4B-00C04F79EFBC}") = "DiscoverCostaRica.Beaches.Application", "src\DiscoverCostaRica.Beaches\DiscoverCostaRica.Beaches.Application\DiscoverCostaRica.Beaches.Application.csproj", "{EE317A7B-2D74-47BF-850C-10CE35AA4203}"
EndProject
Project("{FAE04EC0-301F-11D3-BF4B-00C04F79EFBC}") = "DiscoverCostaRica.Shared", "DiscoverCostaRica.Shared\DiscoverCostaRica.Shared.csproj", "{07A90D8F-70AF-4E8C-83D3-B30FF7721D73}"
EndProject
Project("{FAE04EC0-301F-11D3-BF4B-00C04F79EFBC}") = "DiscoverCostaRica.Culture.Application", "src\DiscoverCostaRica.Culture\DiscoverCostaRica.Culture.Application\DiscoverCostaRica.Culture.Application.csproj", "{E0024C42-FF2E-4B08-B49E-726D6E15B5B6}"
EndProject
Project("{FAE04EC0-301F-11D3-BF4B-00C04F79EFBC}") = "DiscoverCostaRica.Culture.Domain", "src\DiscoverCostaRica.Culture\DiscoverCostaRica.Culture.Domain\DiscoverCostaRica.Culture.Domain.csproj", "{3B1F6AA1-4800-452D-825D-C5315DA5E3DD}"
EndProject
Project("{FAE04EC0-301F-11D3-BF4B-00C04F79EFBC}") = "DiscoverCostaRica.Culture.Infrastructure", "src\DiscoverCostaRica.Culture\DiscoverCostaRica.Culture.Infrastructure\DiscoverCostaRica.Culture.Infrastructure.csproj", "{E376070D-07C4-4E54-8FF8-2C91C907FF46}"
EndProject
Project("{FAE04EC0-301F-11D3-BF4B-00C04F79EFBC}") = "DiscoverCostaRica.Geo.Domain", "src\DiscoverCostaRica.Geo\DiscoverCostaRica.Geo.Domain\DiscoverCostaRica.Geo.Domain.csproj", "{4954457E-E334-4E49-8F99-BC739E9591ED}"
EndProject
Project("{FAE04EC0-301F-11D3-BF4B-00C04F79EFBC}") = "DiscoverCostaRica.Geo.Application", "src\DiscoverCostaRica.Geo\DiscoverCostaRica.Geo.Application\DiscoverCostaRica.Geo.Application.csproj", "{73B1EF8E-5E45-4A73-A4F6-278152692A86}"
EndProject
Project("{FAE04EC0-301F-11D3-BF4B-00C04F79EFBC}") = "DiscoverCostaRica.Geo.Infrastructure", "src\DiscoverCostaRica.Geo\DiscoverCostaRica.Geo.Infrastructure\DiscoverCostaRica.Geo.Infrastructure.csproj", "{7E299F52-1CFB-4BB5-A72C-252F5DDF78E8}"
EndProject
Project("{FAE04EC0-301F-11D3-BF4B-00C04F79EFBC}") = "DiscoverCostaRica.Volcano.Application", "src\DiscoverCostaRica.Volcano\DiscoverCostaRica.Volcano.Application\DiscoverCostaRica.Volcano.Application.csproj", "{834822D7-5A39-4A7C-95AD-8AC7F563AD97}"
EndProject
Project("{FAE04EC0-301F-11D3-BF4B-00C04F79EFBC}") = "DiscoverCostaRica.Volcano.Domain", "src\DiscoverCostaRica.Volcano\DiscoverCostaRica.Volcano.Domain\DiscoverCostaRica.Volcano.Domain.csproj", "{716E5182-9F46-4747-8D7D-A34BF3B10486}"
EndProject
Project("{FAE04EC0-301F-11D3-BF4B-00C04F79EFBC}") = "DiscoverCostaRica.Volcano.Infrastructure", "src\DiscoverCostaRica.Volcano\DiscoverCostaRica.Volcano.Infrastructure\DiscoverCostaRica.Volcano.Infrastructure.csproj", "{B9C31388-154B-4285-BC19-0B8635980ECF}"
EndProject
Project("{FAE04EC0-301F-11D3-BF4B-00C04F79EFBC}") = "DiscoverCostaRica.SourceGenerators", "DiscoverCostaRica.SourceGenerators\DiscoverCostaRica.SourceGenerators.csproj", "{E4FCA3D4-9D90-44E2-B945-226A57B59A00}"
EndProject
Project("{FAE04EC0-301F-11D3-BF4B-00C04F79EFBC}") = "DiscoverCostaRica.Tests", "DiscoverCostaRica.Tests\DiscoverCostaRica.Tests.csproj", "{8A1B7662-7627-4758-8F06-9AAC3E02A38B}"
EndProject
Project("{2150E333-8FDC-42A3-9474-1A3956D46DE8}") = "dapr-components", "dapr-components", "{B53CBDA4-122A-4D20-A99E-8BF033F2E69B}"
	ProjectSection(SolutionItems) = preProject
		local-secret-store.yaml = local-secret-store.yaml
		mongo-azure-logs.yml = mongo-azure-logs.yml
		secrets.json = secrets.json
	EndProjectSection
EndProject
Global
	GlobalSection(SolutionConfigurationPlatforms) = preSolution
		Debug|Any CPU = Debug|Any CPU
		Release|Any CPU = Release|Any CPU
	EndGlobalSection
	GlobalSection(ProjectConfigurationPlatforms) = postSolution
		{DDF3FA60-E781-419E-AE75-9F7DB98E7582}.Debug|Any CPU.ActiveCfg = Debug|Any CPU
		{DDF3FA60-E781-419E-AE75-9F7DB98E7582}.Debug|Any CPU.Build.0 = Debug|Any CPU
		{DDF3FA60-E781-419E-AE75-9F7DB98E7582}.Release|Any CPU.ActiveCfg = Release|Any CPU
		{DDF3FA60-E781-419E-AE75-9F7DB98E7582}.Release|Any CPU.Build.0 = Release|Any CPU
		{387107C0-AA60-7C8A-71E3-CAD35FAE59BA}.Debug|Any CPU.ActiveCfg = Debug|Any CPU
		{387107C0-AA60-7C8A-71E3-CAD35FAE59BA}.Debug|Any CPU.Build.0 = Debug|Any CPU
		{387107C0-AA60-7C8A-71E3-CAD35FAE59BA}.Release|Any CPU.ActiveCfg = Release|Any CPU
		{387107C0-AA60-7C8A-71E3-CAD35FAE59BA}.Release|Any CPU.Build.0 = Release|Any CPU
		{6B20EA1A-28DE-49B2-729A-40AC47C341E7}.Debug|Any CPU.ActiveCfg = Debug|Any CPU
		{6B20EA1A-28DE-49B2-729A-40AC47C341E7}.Debug|Any CPU.Build.0 = Debug|Any CPU
		{6B20EA1A-28DE-49B2-729A-40AC47C341E7}.Release|Any CPU.ActiveCfg = Release|Any CPU
		{6B20EA1A-28DE-49B2-729A-40AC47C341E7}.Release|Any CPU.Build.0 = Release|Any CPU
		{A00E2648-A993-7CD6-50A8-285CE760DA2D}.Debug|Any CPU.ActiveCfg = Debug|Any CPU
		{A00E2648-A993-7CD6-50A8-285CE760DA2D}.Debug|Any CPU.Build.0 = Debug|Any CPU
		{A00E2648-A993-7CD6-50A8-285CE760DA2D}.Release|Any CPU.ActiveCfg = Release|Any CPU
		{A00E2648-A993-7CD6-50A8-285CE760DA2D}.Release|Any CPU.Build.0 = Release|Any CPU
		{FC68E81B-1D46-A895-C403-BC0E020BC492}.Debug|Any CPU.ActiveCfg = Debug|Any CPU
		{FC68E81B-1D46-A895-C403-BC0E020BC492}.Debug|Any CPU.Build.0 = Debug|Any CPU
		{FC68E81B-1D46-A895-C403-BC0E020BC492}.Release|Any CPU.ActiveCfg = Release|Any CPU
		{FC68E81B-1D46-A895-C403-BC0E020BC492}.Release|Any CPU.Build.0 = Release|Any CPU
		{0D82B43F-8ABD-6E85-AA38-94B2DB497A43}.Debug|Any CPU.ActiveCfg = Debug|Any CPU
		{0D82B43F-8ABD-6E85-AA38-94B2DB497A43}.Debug|Any CPU.Build.0 = Debug|Any CPU
		{0D82B43F-8ABD-6E85-AA38-94B2DB497A43}.Release|Any CPU.ActiveCfg = Release|Any CPU
		{0D82B43F-8ABD-6E85-AA38-94B2DB497A43}.Release|Any CPU.Build.0 = Release|Any CPU
		{8545AA37-4360-4318-9D36-721345636233}.Debug|Any CPU.ActiveCfg = Debug|Any CPU
		{8545AA37-4360-4318-9D36-721345636233}.Debug|Any CPU.Build.0 = Debug|Any CPU
		{8545AA37-4360-4318-9D36-721345636233}.Release|Any CPU.ActiveCfg = Release|Any CPU
		{8545AA37-4360-4318-9D36-721345636233}.Release|Any CPU.Build.0 = Release|Any CPU
		{7B1F918A-A1DA-49E6-83D8-9011A694F33B}.Debug|Any CPU.ActiveCfg = Debug|Any CPU
		{7B1F918A-A1DA-49E6-83D8-9011A694F33B}.Debug|Any CPU.Build.0 = Debug|Any CPU
		{7B1F918A-A1DA-49E6-83D8-9011A694F33B}.Release|Any CPU.ActiveCfg = Release|Any CPU
		{7B1F918A-A1DA-49E6-83D8-9011A694F33B}.Release|Any CPU.Build.0 = Release|Any CPU
		{EE317A7B-2D74-47BF-850C-10CE35AA4203}.Debug|Any CPU.ActiveCfg = Debug|Any CPU
		{EE317A7B-2D74-47BF-850C-10CE35AA4203}.Debug|Any CPU.Build.0 = Debug|Any CPU
		{EE317A7B-2D74-47BF-850C-10CE35AA4203}.Release|Any CPU.ActiveCfg = Release|Any CPU
		{EE317A7B-2D74-47BF-850C-10CE35AA4203}.Release|Any CPU.Build.0 = Release|Any CPU
		{07A90D8F-70AF-4E8C-83D3-B30FF7721D73}.Debug|Any CPU.ActiveCfg = Debug|Any CPU
		{07A90D8F-70AF-4E8C-83D3-B30FF7721D73}.Debug|Any CPU.Build.0 = Debug|Any CPU
		{07A90D8F-70AF-4E8C-83D3-B30FF7721D73}.Release|Any CPU.ActiveCfg = Release|Any CPU
		{07A90D8F-70AF-4E8C-83D3-B30FF7721D73}.Release|Any CPU.Build.0 = Release|Any CPU
		{E0024C42-FF2E-4B08-B49E-726D6E15B5B6}.Debug|Any CPU.ActiveCfg = Debug|Any CPU
		{E0024C42-FF2E-4B08-B49E-726D6E15B5B6}.Debug|Any CPU.Build.0 = Debug|Any CPU
		{E0024C42-FF2E-4B08-B49E-726D6E15B5B6}.Release|Any CPU.ActiveCfg = Release|Any CPU
		{E0024C42-FF2E-4B08-B49E-726D6E15B5B6}.Release|Any CPU.Build.0 = Release|Any CPU
		{3B1F6AA1-4800-452D-825D-C5315DA5E3DD}.Debug|Any CPU.ActiveCfg = Debug|Any CPU
		{3B1F6AA1-4800-452D-825D-C5315DA5E3DD}.Debug|Any CPU.Build.0 = Debug|Any CPU
		{3B1F6AA1-4800-452D-825D-C5315DA5E3DD}.Release|Any CPU.ActiveCfg = Release|Any CPU
		{3B1F6AA1-4800-452D-825D-C5315DA5E3DD}.Release|Any CPU.Build.0 = Release|Any CPU
		{E376070D-07C4-4E54-8FF8-2C91C907FF46}.Debug|Any CPU.ActiveCfg = Debug|Any CPU
		{E376070D-07C4-4E54-8FF8-2C91C907FF46}.Debug|Any CPU.Build.0 = Debug|Any CPU
		{E376070D-07C4-4E54-8FF8-2C91C907FF46}.Release|Any CPU.ActiveCfg = Release|Any CPU
		{E376070D-07C4-4E54-8FF8-2C91C907FF46}.Release|Any CPU.Build.0 = Release|Any CPU
		{4954457E-E334-4E49-8F99-BC739E9591ED}.Debug|Any CPU.ActiveCfg = Debug|Any CPU
		{4954457E-E334-4E49-8F99-BC739E9591ED}.Debug|Any CPU.Build.0 = Debug|Any CPU
		{4954457E-E334-4E49-8F99-BC739E9591ED}.Release|Any CPU.ActiveCfg = Release|Any CPU
		{4954457E-E334-4E49-8F99-BC739E9591ED}.Release|Any CPU.Build.0 = Release|Any CPU
		{73B1EF8E-5E45-4A73-A4F6-278152692A86}.Debug|Any CPU.ActiveCfg = Debug|Any CPU
		{73B1EF8E-5E45-4A73-A4F6-278152692A86}.Debug|Any CPU.Build.0 = Debug|Any CPU
		{73B1EF8E-5E45-4A73-A4F6-278152692A86}.Release|Any CPU.ActiveCfg = Release|Any CPU
		{73B1EF8E-5E45-4A73-A4F6-278152692A86}.Release|Any CPU.Build.0 = Release|Any CPU
		{7E299F52-1CFB-4BB5-A72C-252F5DDF78E8}.Debug|Any CPU.ActiveCfg = Debug|Any CPU
		{7E299F52-1CFB-4BB5-A72C-252F5DDF78E8}.Debug|Any CPU.Build.0 = Debug|Any CPU
		{7E299F52-1CFB-4BB5-A72C-252F5DDF78E8}.Release|Any CPU.ActiveCfg = Release|Any CPU
		{7E299F52-1CFB-4BB5-A72C-252F5DDF78E8}.Release|Any CPU.Build.0 = Release|Any CPU
		{834822D7-5A39-4A7C-95AD-8AC7F563AD97}.Debug|Any CPU.ActiveCfg = Debug|Any CPU
		{834822D7-5A39-4A7C-95AD-8AC7F563AD97}.Debug|Any CPU.Build.0 = Debug|Any CPU
		{834822D7-5A39-4A7C-95AD-8AC7F563AD97}.Release|Any CPU.ActiveCfg = Release|Any CPU
		{834822D7-5A39-4A7C-95AD-8AC7F563AD97}.Release|Any CPU.Build.0 = Release|Any CPU
		{716E5182-9F46-4747-8D7D-A34BF3B10486}.Debug|Any CPU.ActiveCfg = Debug|Any CPU
		{716E5182-9F46-4747-8D7D-A34BF3B10486}.Debug|Any CPU.Build.0 = Debug|Any CPU
		{716E5182-9F46-4747-8D7D-A34BF3B10486}.Release|Any CPU.ActiveCfg = Release|Any CPU
		{716E5182-9F46-4747-8D7D-A34BF3B10486}.Release|Any CPU.Build.0 = Release|Any CPU
		{B9C31388-154B-4285-BC19-0B8635980ECF}.Debug|Any CPU.ActiveCfg = Debug|Any CPU
		{B9C31388-154B-4285-BC19-0B8635980ECF}.Debug|Any CPU.Build.0 = Debug|Any CPU
		{B9C31388-154B-4285-BC19-0B8635980ECF}.Release|Any CPU.ActiveCfg = Release|Any CPU
		{B9C31388-154B-4285-BC19-0B8635980ECF}.Release|Any CPU.Build.0 = Release|Any CPU
		{E4FCA3D4-9D90-44E2-B945-226A57B59A00}.Debug|Any CPU.ActiveCfg = Debug|Any CPU
		{E4FCA3D4-9D90-44E2-B945-226A57B59A00}.Debug|Any CPU.Build.0 = Debug|Any CPU
		{E4FCA3D4-9D90-44E2-B945-226A57B59A00}.Release|Any CPU.ActiveCfg = Release|Any CPU
		{E4FCA3D4-9D90-44E2-B945-226A57B59A00}.Release|Any CPU.Build.0 = Release|Any CPU
		{8A1B7662-7627-4758-8F06-9AAC3E02A38B}.Debug|Any CPU.ActiveCfg = Debug|Any CPU
		{8A1B7662-7627-4758-8F06-9AAC3E02A38B}.Debug|Any CPU.Build.0 = Debug|Any CPU
		{8A1B7662-7627-4758-8F06-9AAC3E02A38B}.Release|Any CPU.ActiveCfg = Release|Any CPU
		{8A1B7662-7627-4758-8F06-9AAC3E02A38B}.Release|Any CPU.Build.0 = Release|Any CPU
	EndGlobalSection
	GlobalSection(SolutionProperties) = preSolution
		HideSolutionNode = FALSE
	EndGlobalSection
	GlobalSection(NestedProjects) = preSolution
		{6B20EA1A-28DE-49B2-729A-40AC47C341E7} = {80A4D2D7-BCFB-426C-8903-8085CB0E0F53}
		{80A4D2D7-BCFB-426C-8903-8085CB0E0F53} = {EE20A441-9312-4EAD-8F9C-6D44FB76E24F}
		{0CBA16CB-30C0-4CD4-8C47-8D6446F4D61D} = {EE20A441-9312-4EAD-8F9C-6D44FB76E24F}
		{1035B2CB-6721-4967-B085-3875367BBEC3} = {EE20A441-9312-4EAD-8F9C-6D44FB76E24F}
		{01946A51-E823-453D-832C-855FD4A9C070} = {EE20A441-9312-4EAD-8F9C-6D44FB76E24F}
		{A00E2648-A993-7CD6-50A8-285CE760DA2D} = {01946A51-E823-453D-832C-855FD4A9C070}
		{FC68E81B-1D46-A895-C403-BC0E020BC492} = {0CBA16CB-30C0-4CD4-8C47-8D6446F4D61D}
		{0D82B43F-8ABD-6E85-AA38-94B2DB497A43} = {1035B2CB-6721-4967-B085-3875367BBEC3}
		{8545AA37-4360-4318-9D36-721345636233} = {80A4D2D7-BCFB-426C-8903-8085CB0E0F53}
		{7B1F918A-A1DA-49E6-83D8-9011A694F33B} = {80A4D2D7-BCFB-426C-8903-8085CB0E0F53}
		{EE317A7B-2D74-47BF-850C-10CE35AA4203} = {80A4D2D7-BCFB-426C-8903-8085CB0E0F53}
		{E0024C42-FF2E-4B08-B49E-726D6E15B5B6} = {01946A51-E823-453D-832C-855FD4A9C070}
		{3B1F6AA1-4800-452D-825D-C5315DA5E3DD} = {01946A51-E823-453D-832C-855FD4A9C070}
		{E376070D-07C4-4E54-8FF8-2C91C907FF46} = {01946A51-E823-453D-832C-855FD4A9C070}
		{4954457E-E334-4E49-8F99-BC739E9591ED} = {0CBA16CB-30C0-4CD4-8C47-8D6446F4D61D}
		{73B1EF8E-5E45-4A73-A4F6-278152692A86} = {0CBA16CB-30C0-4CD4-8C47-8D6446F4D61D}
		{7E299F52-1CFB-4BB5-A72C-252F5DDF78E8} = {0CBA16CB-30C0-4CD4-8C47-8D6446F4D61D}
		{834822D7-5A39-4A7C-95AD-8AC7F563AD97} = {1035B2CB-6721-4967-B085-3875367BBEC3}
		{716E5182-9F46-4747-8D7D-A34BF3B10486} = {1035B2CB-6721-4967-B085-3875367BBEC3}
		{B9C31388-154B-4285-BC19-0B8635980ECF} = {1035B2CB-6721-4967-B085-3875367BBEC3}
	EndGlobalSection
	GlobalSection(ExtensibilityGlobals) = postSolution
		SolutionGuid = {C45BE174-945A-4DAB-B08C-C2420BBAF014}
	EndGlobalSection
EndGlobal
